{
	"name": "{{ asyncapi.info().title() | kebabCase }}",
	"version": "{{ asyncapi.info().version() }}",
	"lockfileVersion": 1,
	"requires": true,
	"dependencies": {
		"@types/node": {
			"version": "12.7.12",
			"resolved": "https://registry.npmjs.org/@types/node/-/node-12.7.12.tgz",
			"integrity": "sha512-KPYGmfD0/b1eXurQ59fXD1GBzhSQfz6/lKBxkaHX9dKTzjXbK68Zt7yGUxUsCS1jeTy/8aL+d9JEr+S54mpkWQ=="
		},
		"@types/ws": {
			"version": "6.0.3",
			"resolved": "https://registry.npmjs.org/@types/ws/-/ws-6.0.3.tgz",
			"integrity": "sha512-yBTM0P05Tx9iXGq00BbJPo37ox68R5vaGTXivs6RGh/BQ6QP5zqZDGWdAO6JbRE/iR1l80xeGAwCQS2nMV9S/w==",
			"requires": {
				"@types/node": "*"
			}
		}
	}
}
